
Microsoft Visual Studio Solution File, Format Version 12.00
# Visual Studio 14
VisualStudioVersion = 14.0.25420.1
MinimumVisualStudioVersion = 10.0.40219.1
Project("{FAE04EC0-301F-11D3-BF4B-00C04F79EFBC}") = "FriendshipMatrix", "FriendshipMatrix\FriendshipMatrix.csproj", "{8A30944C-4D8D-4200-A83C-0411B33B50A9}"
EndProject
Project("{FAE04EC0-301F-11D3-BF4B-00C04F79EFBC}") = "Repository", "Repository\Repository.csproj", "{2A4491EE-0B11-441E-A029-302D4A570C2D}"
EndProject
Project("{FAE04EC0-301F-11D3-BF4B-00C04F79EFBC}") = "Services", "Services\Services.csproj", "{BC1DC3A7-75DB-4BB3-B88B-C2DD1486C83B}"
EndProject
Global
	GlobalSection(SolutionConfigurationPlatforms) = preSolution
		Debug|Any CPU = Debug|Any CPU
		Release|Any CPU = Release|Any CPU
	EndGlobalSection
	GlobalSection(ProjectConfigurationPlatforms) = postSolution
		{8A30944C-4D8D-4200-A83C-0411B33B50A9}.Debug|Any CPU.ActiveCfg = Debug|Any CPU
		{8A30944C-4D8D-4200-A83C-0411B33B50A9}.Debug|Any CPU.Build.0 = Debug|Any CPU
		{8A30944C-4D8D-4200-A83C-0411B33B50A9}.Release|Any CPU.ActiveCfg = Release|Any CPU
		{8A30944C-4D8D-4200-A83C-0411B33B50A9}.Release|Any CPU.Build.0 = Release|Any CPU
		{2A4491EE-0B11-441E-A029-302D4A570C2D}.Debug|Any CPU.ActiveCfg = Debug|Any CPU
		{2A4491EE-0B11-441E-A029-302D4A570C2D}.Debug|Any CPU.Build.0 = Debug|Any CPU
		{2A4491EE-0B11-441E-A029-302D4A570C2D}.Release|Any CPU.ActiveCfg = Release|Any CPU
		{2A4491EE-0B11-441E-A029-302D4A570C2D}.Release|Any CPU.Build.0 = Release|Any CPU
		{BC1DC3A7-75DB-4BB3-B88B-C2DD1486C83B}.Debug|Any CPU.ActiveCfg = Debug|Any CPU
		{BC1DC3A7-75DB-4BB3-B88B-C2DD1486C83B}.Debug|Any CPU.Build.0 = Debug|Any CPU
		{BC1DC3A7-75DB-4BB3-B88B-C2DD1486C83B}.Release|Any CPU.ActiveCfg = Release|Any CPU
		{BC1DC3A7-75DB-4BB3-B88B-C2DD1486C83B}.Release|Any CPU.Build.0 = Release|Any CPU
	EndGlobalSection
	GlobalSection(SolutionProperties) = preSolution
		HideSolutionNode = FALSE
	EndGlobalSection
EndGlobal
